// !$*UTF8*$!
{
	archiveVersion = 1;
	classes = {
	};
	objectVersion = 50;
	objects = {

/* Begin PBXBuildFile section */
		B31610A62404463E0098A0EA /* UserInfoViewController.swift in Sources */ = {isa = PBXBuildFile; fileRef = B31610A52404463E0098A0EA /* UserInfoViewController.swift */; };
		B31610A824044CC60098A0EA /* GFError.swift in Sources */ = {isa = PBXBuildFile; fileRef = B31610A724044CC60098A0EA /* GFError.swift */; };
		B330AB3E24061002001161E6 /* GFItemInfoView.swift in Sources */ = {isa = PBXBuildFile; fileRef = B330AB3D24061002001161E6 /* GFItemInfoView.swift */; };
		B330AB4024061659001161E6 /* GFItemInfoViewController.swift in Sources */ = {isa = PBXBuildFile; fileRef = B330AB3F24061659001161E6 /* GFItemInfoViewController.swift */; };
		B330AB422406191D001161E6 /* GFRepoItemViewController.swift in Sources */ = {isa = PBXBuildFile; fileRef = B330AB412406191D001161E6 /* GFRepoItemViewController.swift */; };
		B330AB4424061B52001161E6 /* GFFollowerItemViewController.swift in Sources */ = {isa = PBXBuildFile; fileRef = B330AB4324061B52001161E6 /* GFFollowerItemViewController.swift */; };
		B338B4242404BE7000CC894B /* GFUserInfoHeaderViewController.swift in Sources */ = {isa = PBXBuildFile; fileRef = B338B4232404BE6F00CC894B /* GFUserInfoHeaderViewController.swift */; };
		B338B4262404BED100CC894B /* GFSecondaryTitleLabel.swift in Sources */ = {isa = PBXBuildFile; fileRef = B338B4252404BED100CC894B /* GFSecondaryTitleLabel.swift */; };
		B338B4282404C5DF00CC894B /* Constants.swift in Sources */ = {isa = PBXBuildFile; fileRef = B338B4272404C5DF00CC894B /* Constants.swift */; };
		B34420BC24075C3F00FA28E7 /* PersistenceManager.swift in Sources */ = {isa = PBXBuildFile; fileRef = B34420BB24075C3F00FA28E7 /* PersistenceManager.swift */; };
		B35533A52400577200FAB606 /* GFEmptyStateView.swift in Sources */ = {isa = PBXBuildFile; fileRef = B35533A42400577200FAB606 /* GFEmptyStateView.swift */; };
		B35D6F3123F474ED003FA63E /* GFTitleLabel.swift in Sources */ = {isa = PBXBuildFile; fileRef = B35D6F3023F474ED003FA63E /* GFTitleLabel.swift */; };
		B35D6F3323F47648003FA63E /* GFBodyLabel.swift in Sources */ = {isa = PBXBuildFile; fileRef = B35D6F3223F47648003FA63E /* GFBodyLabel.swift */; };
		B35D6F3523F47716003FA63E /* GFAlertViewController.swift in Sources */ = {isa = PBXBuildFile; fileRef = B35D6F3423F47715003FA63E /* GFAlertViewController.swift */; };
		B35D6F3723F47CBB003FA63E /* UIViewController+Ext.swift in Sources */ = {isa = PBXBuildFile; fileRef = B35D6F3623F47CBB003FA63E /* UIViewController+Ext.swift */; };
		B3667F8F24083BBE00859054 /* FavoriteCell.swift in Sources */ = {isa = PBXBuildFile; fileRef = B3667F8E24083BBE00859054 /* FavoriteCell.swift */; };
		B36E31A8240AC8B900425B08 /* GFAlertContainerView.swift in Sources */ = {isa = PBXBuildFile; fileRef = B36E31A7240AC8B900425B08 /* GFAlertContainerView.swift */; };
		B36E31AA240AD10500425B08 /* GFDataLoadingViewController.swift in Sources */ = {isa = PBXBuildFile; fileRef = B36E31A9240AD10500425B08 /* GFDataLoadingViewController.swift */; };
		B371275623F3AEEE00967D7A /* FollowerListViewController.swift in Sources */ = {isa = PBXBuildFile; fileRef = B371275523F3AEEE00967D7A /* FollowerListViewController.swift */; };
		B38CE6AE2421BF0000485034 /* UITableView+Ext.swift in Sources */ = {isa = PBXBuildFile; fileRef = B38CE6AD2421BF0000485034 /* UITableView+Ext.swift */; };
		B39E036523FB8202006545C7 /* FollowerCell.swift in Sources */ = {isa = PBXBuildFile; fileRef = B39E036423FB8202006545C7 /* FollowerCell.swift */; };
		B39E036723FB8278006545C7 /* GFAvatarImageView.swift in Sources */ = {isa = PBXBuildFile; fileRef = B39E036623FB8278006545C7 /* GFAvatarImageView.swift */; };
		B39EC16123F23BC7003958B3 /* GFButton.swift in Sources */ = {isa = PBXBuildFile; fileRef = B39EC16023F23BC7003958B3 /* GFButton.swift */; };
		B39EC16323F23F26003958B3 /* GFTextField.swift in Sources */ = {isa = PBXBuildFile; fileRef = B39EC16223F23F26003958B3 /* GFTextField.swift */; };
		B3B5F9092409466500D730C9 /* GFTabBarController.swift in Sources */ = {isa = PBXBuildFile; fileRef = B3B5F9082409466500D730C9 /* GFTabBarController.swift */; };
		B3C05C7F24172D7D00926A04 /* UIView+Ext.swift in Sources */ = {isa = PBXBuildFile; fileRef = B3C05C7E24172D7D00926A04 /* UIView+Ext.swift */; };
		B3D01ACC23F0D4CF00B0DB7F /* AppDelegate.swift in Sources */ = {isa = PBXBuildFile; fileRef = B3D01ACB23F0D4CF00B0DB7F /* AppDelegate.swift */; };
		B3D01ACE23F0D4CF00B0DB7F /* SceneDelegate.swift in Sources */ = {isa = PBXBuildFile; fileRef = B3D01ACD23F0D4CF00B0DB7F /* SceneDelegate.swift */; };
		B3D01AD523F0D4D200B0DB7F /* Assets.xcassets in Resources */ = {isa = PBXBuildFile; fileRef = B3D01AD423F0D4D200B0DB7F /* Assets.xcassets */; };
		B3D01AD823F0D4D200B0DB7F /* LaunchScreen.storyboard in Resources */ = {isa = PBXBuildFile; fileRef = B3D01AD623F0D4D200B0DB7F /* LaunchScreen.storyboard */; };
		B3D01AFE23F0D96E00B0DB7F /* SearchViewController.swift in Sources */ = {isa = PBXBuildFile; fileRef = B3D01AFD23F0D96E00B0DB7F /* SearchViewController.swift */; };
		B3D01B0023F0D99F00B0DB7F /* FavoritesViewController.swift in Sources */ = {isa = PBXBuildFile; fileRef = B3D01AFF23F0D99F00B0DB7F /* FavoritesViewController.swift */; };
		B3EB64D923FA2E9400989EC4 /* Follower.swift in Sources */ = {isa = PBXBuildFile; fileRef = B3EB64D823FA2E9400989EC4 /* Follower.swift */; };
		B3EB64DB23FA2F6000989EC4 /* User.swift in Sources */ = {isa = PBXBuildFile; fileRef = B3EB64DA23FA2F6000989EC4 /* User.swift */; };
		B3EB64DE23FA333C00989EC4 /* NetworkManager.swift in Sources */ = {isa = PBXBuildFile; fileRef = B3EB64DD23FA333C00989EC4 /* NetworkManager.swift */; };
		B3ECA6C9240620D0008B7F6D /* Date+Ext.swift in Sources */ = {isa = PBXBuildFile; fileRef = B3ECA6C8240620D0008B7F6D /* Date+Ext.swift */; };
/* End PBXBuildFile section */

/* Begin PBXFileReference section */
		B31610A52404463E0098A0EA /* UserInfoViewController.swift */ = {isa = PBXFileReference; lastKnownFileType = sourcecode.swift; path = UserInfoViewController.swift; sourceTree = "<group>"; };
		B31610A724044CC60098A0EA /* GFError.swift */ = {isa = PBXFileReference; lastKnownFileType = sourcecode.swift; path = GFError.swift; sourceTree = "<group>"; };
		B330AB3D24061002001161E6 /* GFItemInfoView.swift */ = {isa = PBXFileReference; lastKnownFileType = sourcecode.swift; path = GFItemInfoView.swift; sourceTree = "<group>"; };
		B330AB3F24061659001161E6 /* GFItemInfoViewController.swift */ = {isa = PBXFileReference; lastKnownFileType = sourcecode.swift; path = GFItemInfoViewController.swift; sourceTree = "<group>"; };
		B330AB412406191D001161E6 /* GFRepoItemViewController.swift */ = {isa = PBXFileReference; lastKnownFileType = sourcecode.swift; path = GFRepoItemViewController.swift; sourceTree = "<group>"; };
		B330AB4324061B52001161E6 /* GFFollowerItemViewController.swift */ = {isa = PBXFileReference; lastKnownFileType = sourcecode.swift; path = GFFollowerItemViewController.swift; sourceTree = "<group>"; };
		B338B4232404BE6F00CC894B /* GFUserInfoHeaderViewController.swift */ = {isa = PBXFileReference; lastKnownFileType = sourcecode.swift; path = GFUserInfoHeaderViewController.swift; sourceTree = "<group>"; };
		B338B4252404BED100CC894B /* GFSecondaryTitleLabel.swift */ = {isa = PBXFileReference; lastKnownFileType = sourcecode.swift; path = GFSecondaryTitleLabel.swift; sourceTree = "<group>"; };
		B338B4272404C5DF00CC894B /* Constants.swift */ = {isa = PBXFileReference; lastKnownFileType = sourcecode.swift; path = Constants.swift; sourceTree = "<group>"; };
		B34420BB24075C3F00FA28E7 /* PersistenceManager.swift */ = {isa = PBXFileReference; lastKnownFileType = sourcecode.swift; path = PersistenceManager.swift; sourceTree = "<group>"; };
		B35533A42400577200FAB606 /* GFEmptyStateView.swift */ = {isa = PBXFileReference; lastKnownFileType = sourcecode.swift; path = GFEmptyStateView.swift; sourceTree = "<group>"; };
		B35D6F3023F474ED003FA63E /* GFTitleLabel.swift */ = {isa = PBXFileReference; lastKnownFileType = sourcecode.swift; path = GFTitleLabel.swift; sourceTree = "<group>"; };
		B35D6F3223F47648003FA63E /* GFBodyLabel.swift */ = {isa = PBXFileReference; lastKnownFileType = sourcecode.swift; path = GFBodyLabel.swift; sourceTree = "<group>"; };
		B35D6F3423F47715003FA63E /* GFAlertViewController.swift */ = {isa = PBXFileReference; lastKnownFileType = sourcecode.swift; path = GFAlertViewController.swift; sourceTree = "<group>"; };
		B35D6F3623F47CBB003FA63E /* UIViewController+Ext.swift */ = {isa = PBXFileReference; lastKnownFileType = sourcecode.swift; path = "UIViewController+Ext.swift"; sourceTree = "<group>"; };
		B3667F8E24083BBE00859054 /* FavoriteCell.swift */ = {isa = PBXFileReference; lastKnownFileType = sourcecode.swift; path = FavoriteCell.swift; sourceTree = "<group>"; };
		B36E31A7240AC8B900425B08 /* GFAlertContainerView.swift */ = {isa = PBXFileReference; lastKnownFileType = sourcecode.swift; path = GFAlertContainerView.swift; sourceTree = "<group>"; };
		B36E31A9240AD10500425B08 /* GFDataLoadingViewController.swift */ = {isa = PBXFileReference; lastKnownFileType = sourcecode.swift; path = GFDataLoadingViewController.swift; sourceTree = "<group>"; };
		B371275523F3AEEE00967D7A /* FollowerListViewController.swift */ = {isa = PBXFileReference; lastKnownFileType = sourcecode.swift; path = FollowerListViewController.swift; sourceTree = "<group>"; };
		B38CE6AD2421BF0000485034 /* UITableView+Ext.swift */ = {isa = PBXFileReference; lastKnownFileType = sourcecode.swift; name = "UITableView+Ext.swift"; path = "gh-followers/Assets.xcassets/UITableView+Ext.swift"; sourceTree = SOURCE_ROOT; };
		B39E036423FB8202006545C7 /* FollowerCell.swift */ = {isa = PBXFileReference; lastKnownFileType = sourcecode.swift; path = FollowerCell.swift; sourceTree = "<group>"; };
		B39E036623FB8278006545C7 /* GFAvatarImageView.swift */ = {isa = PBXFileReference; lastKnownFileType = sourcecode.swift; path = GFAvatarImageView.swift; sourceTree = "<group>"; };
		B39EC16023F23BC7003958B3 /* GFButton.swift */ = {isa = PBXFileReference; lastKnownFileType = sourcecode.swift; path = GFButton.swift; sourceTree = "<group>"; };
		B39EC16223F23F26003958B3 /* GFTextField.swift */ = {isa = PBXFileReference; lastKnownFileType = sourcecode.swift; path = GFTextField.swift; sourceTree = "<group>"; };
		B3B5F9082409466500D730C9 /* GFTabBarController.swift */ = {isa = PBXFileReference; lastKnownFileType = sourcecode.swift; path = GFTabBarController.swift; sourceTree = "<group>"; };
		B3C05C7E24172D7D00926A04 /* UIView+Ext.swift */ = {isa = PBXFileReference; lastKnownFileType = sourcecode.swift; path = "UIView+Ext.swift"; sourceTree = "<group>"; };
		B3D01AC823F0D4CF00B0DB7F /* gh-followers.app */ = {isa = PBXFileReference; explicitFileType = wrapper.application; includeInIndex = 0; path = "gh-followers.app"; sourceTree = BUILT_PRODUCTS_DIR; };
		B3D01ACB23F0D4CF00B0DB7F /* AppDelegate.swift */ = {isa = PBXFileReference; lastKnownFileType = sourcecode.swift; path = AppDelegate.swift; sourceTree = "<group>"; };
		B3D01ACD23F0D4CF00B0DB7F /* SceneDelegate.swift */ = {isa = PBXFileReference; lastKnownFileType = sourcecode.swift; path = SceneDelegate.swift; sourceTree = "<group>"; };
		B3D01AD423F0D4D200B0DB7F /* Assets.xcassets */ = {isa = PBXFileReference; lastKnownFileType = folder.assetcatalog; path = Assets.xcassets; sourceTree = "<group>"; };
		B3D01AD723F0D4D200B0DB7F /* Base */ = {isa = PBXFileReference; lastKnownFileType = file.storyboard; name = Base; path = Base.lproj/LaunchScreen.storyboard; sourceTree = "<group>"; };
		B3D01AD923F0D4D200B0DB7F /* Info.plist */ = {isa = PBXFileReference; lastKnownFileType = text.plist.xml; path = Info.plist; sourceTree = "<group>"; };
		B3D01AFD23F0D96E00B0DB7F /* SearchViewController.swift */ = {isa = PBXFileReference; lastKnownFileType = sourcecode.swift; path = SearchViewController.swift; sourceTree = "<group>"; };
		B3D01AFF23F0D99F00B0DB7F /* FavoritesViewController.swift */ = {isa = PBXFileReference; lastKnownFileType = sourcecode.swift; path = FavoritesViewController.swift; sourceTree = "<group>"; };
		B3EB64D823FA2E9400989EC4 /* Follower.swift */ = {isa = PBXFileReference; lastKnownFileType = sourcecode.swift; path = Follower.swift; sourceTree = "<group>"; };
		B3EB64DA23FA2F6000989EC4 /* User.swift */ = {isa = PBXFileReference; lastKnownFileType = sourcecode.swift; path = User.swift; sourceTree = "<group>"; };
		B3EB64DD23FA333C00989EC4 /* NetworkManager.swift */ = {isa = PBXFileReference; lastKnownFileType = sourcecode.swift; path = NetworkManager.swift; sourceTree = "<group>"; };
		B3ECA6C8240620D0008B7F6D /* Date+Ext.swift */ = {isa = PBXFileReference; lastKnownFileType = sourcecode.swift; path = "Date+Ext.swift"; sourceTree = "<group>"; };
/* End PBXFileReference section */

/* Begin PBXFrameworksBuildPhase section */
		B3D01AC523F0D4CF00B0DB7F /* Frameworks */ = {
			isa = PBXFrameworksBuildPhase;
			buildActionMask = 2147483647;
			files = (
			);
			runOnlyForDeploymentPostprocessing = 0;
		};
/* End PBXFrameworksBuildPhase section */

/* Begin PBXGroup section */
		B330AB4524061BD0001161E6 /* Item Info View Controllers */ = {
			isa = PBXGroup;
			children = (
				B330AB4324061B52001161E6 /* GFFollowerItemViewController.swift */,
				B330AB412406191D001161E6 /* GFRepoItemViewController.swift */,
				B330AB3F24061659001161E6 /* GFItemInfoViewController.swift */,
			);
			path = "Item Info View Controllers";
			sourceTree = "<group>";
		};
		B347F286242442340035B45C /* Screens */ = {
			isa = PBXGroup;
			children = (
				B3D01AFD23F0D96E00B0DB7F /* SearchViewController.swift */,
				B371275523F3AEEE00967D7A /* FollowerListViewController.swift */,
				B3D01AFF23F0D99F00B0DB7F /* FavoritesViewController.swift */,
			);
			path = Screens;
			sourceTree = "<group>";
		};
		B347F2872424425E0035B45C /* Labels */ = {
			isa = PBXGroup;
			children = (
				B35D6F3023F474ED003FA63E /* GFTitleLabel.swift */,
				B35D6F3223F47648003FA63E /* GFBodyLabel.swift */,
				B338B4252404BED100CC894B /* GFSecondaryTitleLabel.swift */,
			);
			path = Labels;
			sourceTree = "<group>";
		};
		B35533A62400579400FAB606 /* Buttons */ = {
			isa = PBXGroup;
			children = (
				B39EC16023F23BC7003958B3 /* GFButton.swift */,
			);
			path = Buttons;
			sourceTree = "<group>";
		};
		B35533A72400579C00FAB606 /* Custom Views */ = {
			isa = PBXGroup;
			children = (
				B36E31A7240AC8B900425B08 /* GFAlertContainerView.swift */,
				B35533A42400577200FAB606 /* GFEmptyStateView.swift */,
				B330AB3D24061002001161E6 /* GFItemInfoView.swift */,
				B39EC16223F23F26003958B3 /* GFTextField.swift */,
				B35D6F3423F47715003FA63E /* GFAlertViewController.swift */,
				B39E036623FB8278006545C7 /* GFAvatarImageView.swift */,
			);
			path = "Custom Views";
			sourceTree = "<group>";
		};
		B39E036323FB81E1006545C7 /* Cells */ = {
			isa = PBXGroup;
			children = (
				B39E036423FB8202006545C7 /* FollowerCell.swift */,
				B3667F8E24083BBE00859054 /* FavoriteCell.swift */,
			);
			path = Cells;
			sourceTree = "<group>";
		};
		B3D01ABF23F0D4CF00B0DB7F = {
			isa = PBXGroup;
			children = (
				B3D01ACA23F0D4CF00B0DB7F /* gh-followers */,
				B3D01AC923F0D4CF00B0DB7F /* Products */,
			);
			sourceTree = "<group>";
		};
		B3D01AC923F0D4CF00B0DB7F /* Products */ = {
			isa = PBXGroup;
			children = (
				B3D01AC823F0D4CF00B0DB7F /* gh-followers.app */,
			);
			name = Products;
			sourceTree = "<group>";
		};
		B3D01ACA23F0D4CF00B0DB7F /* gh-followers */ = {
			isa = PBXGroup;
			children = (
				B3D01ACB23F0D4CF00B0DB7F /* AppDelegate.swift */,
				B3D01ACD23F0D4CF00B0DB7F /* SceneDelegate.swift */,
				B3EB64DF23FA3B9300989EC4 /* Utilities */,
				B3EB64DC23FA332900989EC4 /* Managers */,
				B3EB64D723FA2E8700989EC4 /* Models */,
				B347F286242442340035B45C /* Screens */,
				B3DBA25223F4D12A00BD5256 /* Controllers */,
				B3DBA25323F4D16000BD5256 /* Views */,
				B3DBA25423F4D17900BD5256 /* Extensions */,
				B3D01AD423F0D4D200B0DB7F /* Assets.xcassets */,
				B3D01AD623F0D4D200B0DB7F /* LaunchScreen.storyboard */,
				B3D01AD923F0D4D200B0DB7F /* Info.plist */,
			);
			path = "gh-followers";
			sourceTree = "<group>";
		};
		B3DBA25223F4D12A00BD5256 /* Controllers */ = {
			isa = PBXGroup;
			children = (
				B338B4232404BE6F00CC894B /* GFUserInfoHeaderViewController.swift */,
				B36E31A9240AD10500425B08 /* GFDataLoadingViewController.swift */,
				B3B5F9082409466500D730C9 /* GFTabBarController.swift */,
				B31610A52404463E0098A0EA /* UserInfoViewController.swift */,
				B330AB4524061BD0001161E6 /* Item Info View Controllers */,
			);
			path = Controllers;
			sourceTree = "<group>";
		};
		B3DBA25323F4D16000BD5256 /* Views */ = {
			isa = PBXGroup;
			children = (
				B347F2872424425E0035B45C /* Labels */,
				B35533A62400579400FAB606 /* Buttons */,
				B35533A72400579C00FAB606 /* Custom Views */,
				B39E036323FB81E1006545C7 /* Cells */,
			);
			path = Views;
			sourceTree = "<group>";
		};
		B3DBA25423F4D17900BD5256 /* Extensions */ = {
			isa = PBXGroup;
			children = (
				B3ECA6C8240620D0008B7F6D /* Date+Ext.swift */,
				B38CE6AD2421BF0000485034 /* UITableView+Ext.swift */,
				B35D6F3623F47CBB003FA63E /* UIViewController+Ext.swift */,
				B3C05C7E24172D7D00926A04 /* UIView+Ext.swift */,
			);
			path = Extensions;
			sourceTree = "<group>";
		};
		B3EB64D723FA2E8700989EC4 /* Models */ = {
			isa = PBXGroup;
			children = (
				B3EB64D823FA2E9400989EC4 /* Follower.swift */,
				B3EB64DA23FA2F6000989EC4 /* User.swift */,
			);
			path = Models;
			sourceTree = "<group>";
		};
		B3EB64DC23FA332900989EC4 /* Managers */ = {
			isa = PBXGroup;
			children = (
				B3EB64DD23FA333C00989EC4 /* NetworkManager.swift */,
				B34420BB24075C3F00FA28E7 /* PersistenceManager.swift */,
			);
			path = Managers;
			sourceTree = "<group>";
		};
		B3EB64DF23FA3B9300989EC4 /* Utilities */ = {
			isa = PBXGroup;
			children = (
				B31610A724044CC60098A0EA /* GFError.swift */,
				B338B4272404C5DF00CC894B /* Constants.swift */,
			);
			path = Utilities;
			sourceTree = "<group>";
		};
/* End PBXGroup section */

/* Begin PBXNativeTarget section */
		B3D01AC723F0D4CF00B0DB7F /* gh-followers */ = {
			isa = PBXNativeTarget;
			buildConfigurationList = B3D01ADC23F0D4D200B0DB7F /* Build configuration list for PBXNativeTarget "gh-followers" */;
			buildPhases = (
				B3D01AC423F0D4CF00B0DB7F /* Sources */,
				B3D01AC523F0D4CF00B0DB7F /* Frameworks */,
				B3D01AC623F0D4CF00B0DB7F /* Resources */,
			);
			buildRules = (
			);
			dependencies = (
			);
			name = "gh-followers";
			productName = "gh-followers";
			productReference = B3D01AC823F0D4CF00B0DB7F /* gh-followers.app */;
			productType = "com.apple.product-type.application";
		};
/* End PBXNativeTarget section */

/* Begin PBXProject section */
		B3D01AC023F0D4CF00B0DB7F /* Project object */ = {
			isa = PBXProject;
			attributes = {
				LastSwiftUpdateCheck = 1120;
				LastUpgradeCheck = 1120;
				ORGANIZATIONNAME = "Filip Brej";
				TargetAttributes = {
					B3D01AC723F0D4CF00B0DB7F = {
						CreatedOnToolsVersion = 11.2;
					};
				};
			};
			buildConfigurationList = B3D01AC323F0D4CF00B0DB7F /* Build configuration list for PBXProject "gh-followers" */;
			compatibilityVersion = "Xcode 9.3";
			developmentRegion = en;
			hasScannedForEncodings = 0;
			knownRegions = (
				en,
				Base,
			);
			mainGroup = B3D01ABF23F0D4CF00B0DB7F;
			productRefGroup = B3D01AC923F0D4CF00B0DB7F /* Products */;
			projectDirPath = "";
			projectRoot = "";
			targets = (
				B3D01AC723F0D4CF00B0DB7F /* gh-followers */,
			);
		};
/* End PBXProject section */

/* Begin PBXResourcesBuildPhase section */
		B3D01AC623F0D4CF00B0DB7F /* Resources */ = {
			isa = PBXResourcesBuildPhase;
			buildActionMask = 2147483647;
			files = (
				B3D01AD823F0D4D200B0DB7F /* LaunchScreen.storyboard in Resources */,
				B3D01AD523F0D4D200B0DB7F /* Assets.xcassets in Resources */,
			);
			runOnlyForDeploymentPostprocessing = 0;
		};
/* End PBXResourcesBuildPhase section */

/* Begin PBXSourcesBuildPhase section */
		B3D01AC423F0D4CF00B0DB7F /* Sources */ = {
			isa = PBXSourcesBuildPhase;
			buildActionMask = 2147483647;
			files = (
				B36E31AA240AD10500425B08 /* GFDataLoadingViewController.swift in Sources */,
				B38CE6AE2421BF0000485034 /* UITableView+Ext.swift in Sources */,
				B39EC16323F23F26003958B3 /* GFTextField.swift in Sources */,
				B3D01AFE23F0D96E00B0DB7F /* SearchViewController.swift in Sources */,
				B35D6F3723F47CBB003FA63E /* UIViewController+Ext.swift in Sources */,
				B3B5F9092409466500D730C9 /* GFTabBarController.swift in Sources */,
				B39EC16123F23BC7003958B3 /* GFButton.swift in Sources */,
				B371275623F3AEEE00967D7A /* FollowerListViewController.swift in Sources */,
				B3D01ACC23F0D4CF00B0DB7F /* AppDelegate.swift in Sources */,
				B330AB4424061B52001161E6 /* GFFollowerItemViewController.swift in Sources */,
				B330AB422406191D001161E6 /* GFRepoItemViewController.swift in Sources */,
				B338B4282404C5DF00CC894B /* Constants.swift in Sources */,
				B3EB64DB23FA2F6000989EC4 /* User.swift in Sources */,
				B39E036523FB8202006545C7 /* FollowerCell.swift in Sources */,
				B338B4242404BE7000CC894B /* GFUserInfoHeaderViewController.swift in Sources */,
				B330AB3E24061002001161E6 /* GFItemInfoView.swift in Sources */,
				B31610A824044CC60098A0EA /* GFError.swift in Sources */,
				B39E036723FB8278006545C7 /* GFAvatarImageView.swift in Sources */,
				B35D6F3523F47716003FA63E /* GFAlertViewController.swift in Sources */,
				B3EB64D923FA2E9400989EC4 /* Follower.swift in Sources */,
				B3D01B0023F0D99F00B0DB7F /* FavoritesViewController.swift in Sources */,
				B35D6F3123F474ED003FA63E /* GFTitleLabel.swift in Sources */,
				B3ECA6C9240620D0008B7F6D /* Date+Ext.swift in Sources */,
				B338B4262404BED100CC894B /* GFSecondaryTitleLabel.swift in Sources */,
				B3C05C7F24172D7D00926A04 /* UIView+Ext.swift in Sources */,
				B34420BC24075C3F00FA28E7 /* PersistenceManager.swift in Sources */,
				B36E31A8240AC8B900425B08 /* GFAlertContainerView.swift in Sources */,
				B35533A52400577200FAB606 /* GFEmptyStateView.swift in Sources */,
				B3EB64DE23FA333C00989EC4 /* NetworkManager.swift in Sources */,
				B330AB4024061659001161E6 /* GFItemInfoViewController.swift in Sources */,
				B31610A62404463E0098A0EA /* UserInfoViewController.swift in Sources */,
				B3667F8F24083BBE00859054 /* FavoriteCell.swift in Sources */,
				B3D01ACE23F0D4CF00B0DB7F /* SceneDelegate.swift in Sources */,
				B35D6F3323F47648003FA63E /* GFBodyLabel.swift in Sources */,
			);
			runOnlyForDeploymentPostprocessing = 0;
		};
/* End PBXSourcesBuildPhase section */

/* Begin PBXVariantGroup section */
		B3D01AD623F0D4D200B0DB7F /* LaunchScreen.storyboard */ = {
			isa = PBXVariantGroup;
			children = (
				B3D01AD723F0D4D200B0DB7F /* Base */,
			);
			name = LaunchScreen.storyboard;
			sourceTree = "<group>";
		};
/* End PBXVariantGroup section */

/* Begin XCBuildConfiguration section */
		B3D01ADA23F0D4D200B0DB7F /* Debug */ = {
			isa = XCBuildConfiguration;
			buildSettings = {
				ALWAYS_SEARCH_USER_PATHS = NO;
				CLANG_ANALYZER_NONNULL = YES;
				CLANG_ANALYZER_NUMBER_OBJECT_CONVERSION = YES_AGGRESSIVE;
				CLANG_CXX_LANGUAGE_STANDARD = "gnu++14";
				CLANG_CXX_LIBRARY = "libc++";
				CLANG_ENABLE_MODULES = YES;
				CLANG_ENABLE_OBJC_ARC = YES;
				CLANG_ENABLE_OBJC_WEAK = YES;
				CLANG_WARN_BLOCK_CAPTURE_AUTORELEASING = YES;
				CLANG_WARN_BOOL_CONVERSION = YES;
				CLANG_WARN_COMMA = YES;
				CLANG_WARN_CONSTANT_CONVERSION = YES;
				CLANG_WARN_DEPRECATED_OBJC_IMPLEMENTATIONS = YES;
				CLANG_WARN_DIRECT_OBJC_ISA_USAGE = YES_ERROR;
				CLANG_WARN_DOCUMENTATION_COMMENTS = YES;
				CLANG_WARN_EMPTY_BODY = YES;
				CLANG_WARN_ENUM_CONVERSION = YES;
				CLANG_WARN_INFINITE_RECURSION = YES;
				CLANG_WARN_INT_CONVERSION = YES;
				CLANG_WARN_NON_LITERAL_NULL_CONVERSION = YES;
				CLANG_WARN_OBJC_IMPLICIT_RETAIN_SELF = YES;
				CLANG_WARN_OBJC_LITERAL_CONVERSION = YES;
				CLANG_WARN_OBJC_ROOT_CLASS = YES_ERROR;
				CLANG_WARN_RANGE_LOOP_ANALYSIS = YES;
				CLANG_WARN_STRICT_PROTOTYPES = YES;
				CLANG_WARN_SUSPICIOUS_MOVE = YES;
				CLANG_WARN_UNGUARDED_AVAILABILITY = YES_AGGRESSIVE;
				CLANG_WARN_UNREACHABLE_CODE = YES;
				CLANG_WARN__DUPLICATE_METHOD_MATCH = YES;
				COPY_PHASE_STRIP = NO;
				DEBUG_INFORMATION_FORMAT = dwarf;
				ENABLE_STRICT_OBJC_MSGSEND = YES;
				ENABLE_TESTABILITY = YES;
				GCC_C_LANGUAGE_STANDARD = gnu11;
				GCC_DYNAMIC_NO_PIC = NO;
				GCC_NO_COMMON_BLOCKS = YES;
				GCC_OPTIMIZATION_LEVEL = 0;
				GCC_PREPROCESSOR_DEFINITIONS = (
					"DEBUG=1",
					"$(inherited)",
				);
				GCC_WARN_64_TO_32_BIT_CONVERSION = YES;
				GCC_WARN_ABOUT_RETURN_TYPE = YES_ERROR;
				GCC_WARN_UNDECLARED_SELECTOR = YES;
				GCC_WARN_UNINITIALIZED_AUTOS = YES_AGGRESSIVE;
				GCC_WARN_UNUSED_FUNCTION = YES;
				GCC_WARN_UNUSED_VARIABLE = YES;
				IPHONEOS_DEPLOYMENT_TARGET = 13.2;
				MTL_ENABLE_DEBUG_INFO = INCLUDE_SOURCE;
				MTL_FAST_MATH = YES;
				ONLY_ACTIVE_ARCH = YES;
				SDKROOT = iphoneos;
				SWIFT_ACTIVE_COMPILATION_CONDITIONS = DEBUG;
				SWIFT_OPTIMIZATION_LEVEL = "-Onone";
			};
			name = Debug;
		};
		B3D01ADB23F0D4D200B0DB7F /* Release */ = {
			isa = XCBuildConfiguration;
			buildSettings = {
				ALWAYS_SEARCH_USER_PATHS = NO;
				CLANG_ANALYZER_NONNULL = YES;
				CLANG_ANALYZER_NUMBER_OBJECT_CONVERSION = YES_AGGRESSIVE;
				CLANG_CXX_LANGUAGE_STANDARD = "gnu++14";
				CLANG_CXX_LIBRARY = "libc++";
				CLANG_ENABLE_MODULES = YES;
				CLANG_ENABLE_OBJC_ARC = YES;
				CLANG_ENABLE_OBJC_WEAK = YES;
				CLANG_WARN_BLOCK_CAPTURE_AUTORELEASING = YES;
				CLANG_WARN_BOOL_CONVERSION = YES;
				CLANG_WARN_COMMA = YES;
				CLANG_WARN_CONSTANT_CONVERSION = YES;
				CLANG_WARN_DEPRECATED_OBJC_IMPLEMENTATIONS = YES;
				CLANG_WARN_DIRECT_OBJC_ISA_USAGE = YES_ERROR;
				CLANG_WARN_DOCUMENTATION_COMMENTS = YES;
				CLANG_WARN_EMPTY_BODY = YES;
				CLANG_WARN_ENUM_CONVERSION = YES;
				CLANG_WARN_INFINITE_RECURSION = YES;
				CLANG_WARN_INT_CONVERSION = YES;
				CLANG_WARN_NON_LITERAL_NULL_CONVERSION = YES;
				CLANG_WARN_OBJC_IMPLICIT_RETAIN_SELF = YES;
				CLANG_WARN_OBJC_LITERAL_CONVERSION = YES;
				CLANG_WARN_OBJC_ROOT_CLASS = YES_ERROR;
				CLANG_WARN_RANGE_LOOP_ANALYSIS = YES;
				CLANG_WARN_STRICT_PROTOTYPES = YES;
				CLANG_WARN_SUSPICIOUS_MOVE = YES;
				CLANG_WARN_UNGUARDED_AVAILABILITY = YES_AGGRESSIVE;
				CLANG_WARN_UNREACHABLE_CODE = YES;
				CLANG_WARN__DUPLICATE_METHOD_MATCH = YES;
				COPY_PHASE_STRIP = NO;
				DEBUG_INFORMATION_FORMAT = "dwarf-with-dsym";
				ENABLE_NS_ASSERTIONS = NO;
				ENABLE_STRICT_OBJC_MSGSEND = YES;
				GCC_C_LANGUAGE_STANDARD = gnu11;
				GCC_NO_COMMON_BLOCKS = YES;
				GCC_WARN_64_TO_32_BIT_CONVERSION = YES;
				GCC_WARN_ABOUT_RETURN_TYPE = YES_ERROR;
				GCC_WARN_UNDECLARED_SELECTOR = YES;
				GCC_WARN_UNINITIALIZED_AUTOS = YES_AGGRESSIVE;
				GCC_WARN_UNUSED_FUNCTION = YES;
				GCC_WARN_UNUSED_VARIABLE = YES;
				IPHONEOS_DEPLOYMENT_TARGET = 13.2;
				MTL_ENABLE_DEBUG_INFO = NO;
				MTL_FAST_MATH = YES;
				SDKROOT = iphoneos;
				SWIFT_COMPILATION_MODE = wholemodule;
				SWIFT_OPTIMIZATION_LEVEL = "-O";
				VALIDATE_PRODUCT = YES;
			};
			name = Release;
		};
		B3D01ADD23F0D4D200B0DB7F /* Debug */ = {
			isa = XCBuildConfiguration;
			buildSettings = {
				ASSETCATALOG_COMPILER_APPICON_NAME = AppIcon;
				CODE_SIGN_STYLE = Automatic;
				DEVELOPMENT_TEAM = 84Y9NU7GV5;
				INFOPLIST_FILE = "gh-followers/Info.plist";
				IPHONEOS_DEPLOYMENT_TARGET = 13.2;
				LD_RUNPATH_SEARCH_PATHS = (
					"$(inherited)",
					"@executable_path/Frameworks",
				);
				PRODUCT_BUNDLE_IDENTIFIER = "com.filipbrej.gh-followers";
				PRODUCT_NAME = "$(TARGET_NAME)";
				SWIFT_VERSION = 5.0;
				TARGETED_DEVICE_FAMILY = 1;
			};
			name = Debug;
		};
		B3D01ADE23F0D4D200B0DB7F /* Release */ = {
			isa = XCBuildConfiguration;
			buildSettings = {
				ASSETCATALOG_COMPILER_APPICON_NAME = AppIcon;
				CODE_SIGN_STYLE = Automatic;
				DEVELOPMENT_TEAM = 84Y9NU7GV5;
				INFOPLIST_FILE = "gh-followers/Info.plist";
				IPHONEOS_DEPLOYMENT_TARGET = 13.2;
				LD_RUNPATH_SEARCH_PATHS = (
					"$(inherited)",
					"@executable_path/Frameworks",
				);
				PRODUCT_BUNDLE_IDENTIFIER = "com.filipbrej.gh-followers";
				PRODUCT_NAME = "$(TARGET_NAME)";
				SWIFT_VERSION = 5.0;
				TARGETED_DEVICE_FAMILY = 1;
			};
			name = Release;
		};
/* End XCBuildConfiguration section */

/* Begin XCConfigurationList section */
		B3D01AC323F0D4CF00B0DB7F /* Build configuration list for PBXProject "gh-followers" */ = {
			isa = XCConfigurationList;
			buildConfigurations = (
				B3D01ADA23F0D4D200B0DB7F /* Debug */,
				B3D01ADB23F0D4D200B0DB7F /* Release */,
			);
			defaultConfigurationIsVisible = 0;
			defaultConfigurationName = Release;
		};
		B3D01ADC23F0D4D200B0DB7F /* Build configuration list for PBXNativeTarget "gh-followers" */ = {
			isa = XCConfigurationList;
			buildConfigurations = (
				B3D01ADD23F0D4D200B0DB7F /* Debug */,
				B3D01ADE23F0D4D200B0DB7F /* Release */,
			);
			defaultConfigurationIsVisible = 0;
			defaultConfigurationName = Release;
		};
/* End XCConfigurationList section */
	};
	rootObject = B3D01AC023F0D4CF00B0DB7F /* Project object */;
}
